
Microsoft Visual Studio Solution File, Format Version 12.00
# Visual Studio 2012
Project("{FAE04EC0-301F-11D3-BF4B-00C04F79EFBC}") = "gscc", "gscc\gscc.csproj", "{3E890FCE-6DB9-4FBD-ACE1-44FD8B8E8DB4}"
EndProject
Project("{FAE04EC0-301F-11D3-BF4B-00C04F79EFBC}") = "TestCompile", "TestCompile\TestCompile.csproj", "{9A1C3515-B55B-4733-B05C-33BDAE64AB65}"
EndProject
Project("{8BC9CEB8-8B4A-11D0-8D11-00A0C91BC942}") = "nativetest", "nativetest\nativetest.vcxproj", "{483AA798-ECB1-447E-9F63-27908C293DF6}"
EndProject
Project("{8BC9CEB8-8B4A-11D0-8D11-00A0C91BC942}") = "taskbar", "taskbar\taskbar.vcxproj", "{B58AC3C3-ED4D-47E7-B09E-245C74EC0605}"
EndProject
Project("{FAE04EC0-301F-11D3-BF4B-00C04F79EFBC}") = "GSC_easyui", "GSC_easyui\GSC_easyui.csproj", "{25B5245F-89EA-4F32-8429-7508B4D8CB33}"
EndProject
Project("{FAE04EC0-301F-11D3-BF4B-00C04F79EFBC}") = "wordwraptest", "wordwraptest\wordwraptest.csproj", "{6A405B58-DE5C-4BE4-B3D9-8A7D17A8DCB2}"
EndProject
Project("{FAE04EC0-301F-11D3-BF4B-00C04F79EFBC}") = "GscCodeTest", "GscCodeTest\GscCodeTest.csproj", "{6F2ED72B-3380-40E2-952E-0D66F38D5B4E}"
EndProject
Project("{FAE04EC0-301F-11D3-BF4B-00C04F79EFBC}") = "LogReader", "LogReader\LogReader.csproj", "{AF48B49E-90DD-44E9-850D-79D68141352F}"
EndProject
Global
	GlobalSection(SolutionConfigurationPlatforms) = preSolution
		Debug|Any CPU = Debug|Any CPU
		Debug|Mixed Platforms = Debug|Mixed Platforms
		Debug|Win32 = Debug|Win32
		Debug|x64 = Debug|x64
		Debug|x86 = Debug|x86
		Release x64|Any CPU = Release x64|Any CPU
		Release x64|Mixed Platforms = Release x64|Mixed Platforms
		Release x64|Win32 = Release x64|Win32
		Release x64|x64 = Release x64|x64
		Release x64|x86 = Release x64|x86
		Release|Any CPU = Release|Any CPU
		Release|Mixed Platforms = Release|Mixed Platforms
		Release|Win32 = Release|Win32
		Release|x64 = Release|x64
		Release|x86 = Release|x86
	EndGlobalSection
	GlobalSection(ProjectConfigurationPlatforms) = postSolution
		{3E890FCE-6DB9-4FBD-ACE1-44FD8B8E8DB4}.Debug|Any CPU.ActiveCfg = Debug|Any CPU
		{3E890FCE-6DB9-4FBD-ACE1-44FD8B8E8DB4}.Debug|Any CPU.Build.0 = Debug|Any CPU
		{3E890FCE-6DB9-4FBD-ACE1-44FD8B8E8DB4}.Debug|Mixed Platforms.ActiveCfg = Debug|Any CPU
		{3E890FCE-6DB9-4FBD-ACE1-44FD8B8E8DB4}.Debug|Mixed Platforms.Build.0 = Debug|Any CPU
		{3E890FCE-6DB9-4FBD-ACE1-44FD8B8E8DB4}.Debug|Win32.ActiveCfg = Debug|Any CPU
		{3E890FCE-6DB9-4FBD-ACE1-44FD8B8E8DB4}.Debug|x64.ActiveCfg = Debug|Any CPU
		{3E890FCE-6DB9-4FBD-ACE1-44FD8B8E8DB4}.Debug|x86.ActiveCfg = Debug|Any CPU
		{3E890FCE-6DB9-4FBD-ACE1-44FD8B8E8DB4}.Release x64|Any CPU.ActiveCfg = Release x64|Any CPU
		{3E890FCE-6DB9-4FBD-ACE1-44FD8B8E8DB4}.Release x64|Any CPU.Build.0 = Release x64|Any CPU
		{3E890FCE-6DB9-4FBD-ACE1-44FD8B8E8DB4}.Release x64|Mixed Platforms.ActiveCfg = Release x64|Any CPU
		{3E890FCE-6DB9-4FBD-ACE1-44FD8B8E8DB4}.Release x64|Mixed Platforms.Build.0 = Release x64|Any CPU
		{3E890FCE-6DB9-4FBD-ACE1-44FD8B8E8DB4}.Release x64|Win32.ActiveCfg = Release x64|Any CPU
		{3E890FCE-6DB9-4FBD-ACE1-44FD8B8E8DB4}.Release x64|x64.ActiveCfg = Release x64|Any CPU
		{3E890FCE-6DB9-4FBD-ACE1-44FD8B8E8DB4}.Release x64|x86.ActiveCfg = Release x64|Any CPU
		{3E890FCE-6DB9-4FBD-ACE1-44FD8B8E8DB4}.Release|Any CPU.ActiveCfg = Release|Any CPU
		{3E890FCE-6DB9-4FBD-ACE1-44FD8B8E8DB4}.Release|Any CPU.Build.0 = Release|Any CPU
		{3E890FCE-6DB9-4FBD-ACE1-44FD8B8E8DB4}.Release|Mixed Platforms.ActiveCfg = Release|Any CPU
		{3E890FCE-6DB9-4FBD-ACE1-44FD8B8E8DB4}.Release|Mixed Platforms.Build.0 = Release|Any CPU
		{3E890FCE-6DB9-4FBD-ACE1-44FD8B8E8DB4}.Release|Win32.ActiveCfg = Release|Any CPU
		{3E890FCE-6DB9-4FBD-ACE1-44FD8B8E8DB4}.Release|x64.ActiveCfg = Release|Any CPU
		{3E890FCE-6DB9-4FBD-ACE1-44FD8B8E8DB4}.Release|x86.ActiveCfg = Release|Any CPU
		{9A1C3515-B55B-4733-B05C-33BDAE64AB65}.Debug|Any CPU.ActiveCfg = Debug|x86
		{9A1C3515-B55B-4733-B05C-33BDAE64AB65}.Debug|Any CPU.Build.0 = Debug|x86
		{9A1C3515-B55B-4733-B05C-33BDAE64AB65}.Debug|Mixed Platforms.ActiveCfg = Debug|x86
		{9A1C3515-B55B-4733-B05C-33BDAE64AB65}.Debug|Mixed Platforms.Build.0 = Debug|x86
		{9A1C3515-B55B-4733-B05C-33BDAE64AB65}.Debug|Win32.ActiveCfg = Debug|x86
		{9A1C3515-B55B-4733-B05C-33BDAE64AB65}.Debug|x64.ActiveCfg = Debug|x86
		{9A1C3515-B55B-4733-B05C-33BDAE64AB65}.Debug|x86.ActiveCfg = Debug|x86
		{9A1C3515-B55B-4733-B05C-33BDAE64AB65}.Debug|x86.Build.0 = Debug|x86
		{9A1C3515-B55B-4733-B05C-33BDAE64AB65}.Release x64|Any CPU.ActiveCfg = Release x64|x86
		{9A1C3515-B55B-4733-B05C-33BDAE64AB65}.Release x64|Mixed Platforms.ActiveCfg = Release x64|x86
		{9A1C3515-B55B-4733-B05C-33BDAE64AB65}.Release x64|Mixed Platforms.Build.0 = Release x64|x86
		{9A1C3515-B55B-4733-B05C-33BDAE64AB65}.Release x64|Win32.ActiveCfg = Release x64|x86
		{9A1C3515-B55B-4733-B05C-33BDAE64AB65}.Release x64|x64.ActiveCfg = Release x64|x86
		{9A1C3515-B55B-4733-B05C-33BDAE64AB65}.Release x64|x86.ActiveCfg = Release x64|x86
		{9A1C3515-B55B-4733-B05C-33BDAE64AB65}.Release|Any CPU.ActiveCfg = Release|x86
		{9A1C3515-B55B-4733-B05C-33BDAE64AB65}.Release|Any CPU.Build.0 = Release|x86
		{9A1C3515-B55B-4733-B05C-33BDAE64AB65}.Release|Mixed Platforms.ActiveCfg = Release|x86
		{9A1C3515-B55B-4733-B05C-33BDAE64AB65}.Release|Mixed Platforms.Build.0 = Release|x86
		{9A1C3515-B55B-4733-B05C-33BDAE64AB65}.Release|Win32.ActiveCfg = Release|x86
		{9A1C3515-B55B-4733-B05C-33BDAE64AB65}.Release|x64.ActiveCfg = Release|x86
		{9A1C3515-B55B-4733-B05C-33BDAE64AB65}.Release|x86.ActiveCfg = Release|x86
		{9A1C3515-B55B-4733-B05C-33BDAE64AB65}.Release|x86.Build.0 = Release|x86
		{483AA798-ECB1-447E-9F63-27908C293DF6}.Debug|Any CPU.ActiveCfg = Debug|Win32
		{483AA798-ECB1-447E-9F63-27908C293DF6}.Debug|Any CPU.Build.0 = Debug|Win32
		{483AA798-ECB1-447E-9F63-27908C293DF6}.Debug|Mixed Platforms.ActiveCfg = Debug|Win32
		{483AA798-ECB1-447E-9F63-27908C293DF6}.Debug|Mixed Platforms.Build.0 = Debug|Win32
		{483AA798-ECB1-447E-9F63-27908C293DF6}.Debug|Win32.ActiveCfg = Debug|Win32
		{483AA798-ECB1-447E-9F63-27908C293DF6}.Debug|Win32.Build.0 = Debug|Win32
		{483AA798-ECB1-447E-9F63-27908C293DF6}.Debug|x64.ActiveCfg = Debug|Win32
		{483AA798-ECB1-447E-9F63-27908C293DF6}.Debug|x86.ActiveCfg = Debug|Win32
		{483AA798-ECB1-447E-9F63-27908C293DF6}.Release x64|Any CPU.ActiveCfg = Release x64|Win32
		{483AA798-ECB1-447E-9F63-27908C293DF6}.Release x64|Mixed Platforms.ActiveCfg = Release x64|Win32
		{483AA798-ECB1-447E-9F63-27908C293DF6}.Release x64|Mixed Platforms.Build.0 = Release x64|Win32
		{483AA798-ECB1-447E-9F63-27908C293DF6}.Release x64|Win32.ActiveCfg = Release x64|Win32
		{483AA798-ECB1-447E-9F63-27908C293DF6}.Release x64|x64.ActiveCfg = Release x64|Win32
		{483AA798-ECB1-447E-9F63-27908C293DF6}.Release x64|x86.ActiveCfg = Release x64|Win32
		{483AA798-ECB1-447E-9F63-27908C293DF6}.Release|Any CPU.ActiveCfg = Release|Win32
		{483AA798-ECB1-447E-9F63-27908C293DF6}.Release|Mixed Platforms.ActiveCfg = Release|Win32
		{483AA798-ECB1-447E-9F63-27908C293DF6}.Release|Mixed Platforms.Build.0 = Release|Win32
		{483AA798-ECB1-447E-9F63-27908C293DF6}.Release|Win32.ActiveCfg = Release|Win32
		{483AA798-ECB1-447E-9F63-27908C293DF6}.Release|Win32.Build.0 = Release|Win32
		{483AA798-ECB1-447E-9F63-27908C293DF6}.Release|x64.ActiveCfg = Release|Win32
		{483AA798-ECB1-447E-9F63-27908C293DF6}.Release|x86.ActiveCfg = Release|Win32
		{B58AC3C3-ED4D-47E7-B09E-245C74EC0605}.Debug|Any CPU.ActiveCfg = Debug|Win32
		{B58AC3C3-ED4D-47E7-B09E-245C74EC0605}.Debug|Any CPU.Build.0 = Debug|Win32
		{B58AC3C3-ED4D-47E7-B09E-245C74EC0605}.Debug|Mixed Platforms.ActiveCfg = Debug|Win32
		{B58AC3C3-ED4D-47E7-B09E-245C74EC0605}.Debug|Mixed Platforms.Build.0 = Debug|Win32
		{B58AC3C3-ED4D-47E7-B09E-245C74EC0605}.Debug|Win32.ActiveCfg = Debug|Win32
		{B58AC3C3-ED4D-47E7-B09E-245C74EC0605}.Debug|Win32.Build.0 = Debug|Win32
		{B58AC3C3-ED4D-47E7-B09E-245C74EC0605}.Debug|x64.ActiveCfg = Debug|x64
		{B58AC3C3-ED4D-47E7-B09E-245C74EC0605}.Debug|x64.Build.0 = Debug|x64
		{B58AC3C3-ED4D-47E7-B09E-245C74EC0605}.Debug|x86.ActiveCfg = Debug|Win32
		{B58AC3C3-ED4D-47E7-B09E-245C74EC0605}.Release x64|Any CPU.ActiveCfg = Release x64|x64
		{B58AC3C3-ED4D-47E7-B09E-245C74EC0605}.Release x64|Mixed Platforms.ActiveCfg = Release x64|x64
		{B58AC3C3-ED4D-47E7-B09E-245C74EC0605}.Release x64|Mixed Platforms.Build.0 = Release x64|x64
		{B58AC3C3-ED4D-47E7-B09E-245C74EC0605}.Release x64|Win32.ActiveCfg = Release x64|Win32
		{B58AC3C3-ED4D-47E7-B09E-245C74EC0605}.Release x64|x64.ActiveCfg = Release x64|x64
		{B58AC3C3-ED4D-47E7-B09E-245C74EC0605}.Release x64|x86.ActiveCfg = Release x64|x64
		{B58AC3C3-ED4D-47E7-B09E-245C74EC0605}.Release|Any CPU.ActiveCfg = Release|Win32
		{B58AC3C3-ED4D-47E7-B09E-245C74EC0605}.Release|Mixed Platforms.ActiveCfg = Release|Win32
		{B58AC3C3-ED4D-47E7-B09E-245C74EC0605}.Release|Mixed Platforms.Build.0 = Release|Win32
		{B58AC3C3-ED4D-47E7-B09E-245C74EC0605}.Release|Win32.ActiveCfg = Release|Win32
		{B58AC3C3-ED4D-47E7-B09E-245C74EC0605}.Release|Win32.Build.0 = Release|Win32
		{B58AC3C3-ED4D-47E7-B09E-245C74EC0605}.Release|x64.ActiveCfg = Release|Win32
		{B58AC3C3-ED4D-47E7-B09E-245C74EC0605}.Release|x86.ActiveCfg = Release|Win32
		{25B5245F-89EA-4F32-8429-7508B4D8CB33}.Debug|Any CPU.ActiveCfg = Debug|x86
		{25B5245F-89EA-4F32-8429-7508B4D8CB33}.Debug|Any CPU.Build.0 = Debug|x86
		{25B5245F-89EA-4F32-8429-7508B4D8CB33}.Debug|Mixed Platforms.ActiveCfg = Debug|x86
		{25B5245F-89EA-4F32-8429-7508B4D8CB33}.Debug|Mixed Platforms.Build.0 = Debug|x86
		{25B5245F-89EA-4F32-8429-7508B4D8CB33}.Debug|Win32.ActiveCfg = Debug|x86
		{25B5245F-89EA-4F32-8429-7508B4D8CB33}.Debug|x64.ActiveCfg = Debug|x86
		{25B5245F-89EA-4F32-8429-7508B4D8CB33}.Debug|x86.ActiveCfg = Debug|x86
		{25B5245F-89EA-4F32-8429-7508B4D8CB33}.Debug|x86.Build.0 = Debug|x86
		{25B5245F-89EA-4F32-8429-7508B4D8CB33}.Release x64|Any CPU.ActiveCfg = Release x64|x86
		{25B5245F-89EA-4F32-8429-7508B4D8CB33}.Release x64|Mixed Platforms.ActiveCfg = Release x64|x86
		{25B5245F-89EA-4F32-8429-7508B4D8CB33}.Release x64|Mixed Platforms.Build.0 = Release x64|x86
		{25B5245F-89EA-4F32-8429-7508B4D8CB33}.Release x64|Win32.ActiveCfg = Release x64|x86
		{25B5245F-89EA-4F32-8429-7508B4D8CB33}.Release x64|x64.ActiveCfg = Release x64|x86
		{25B5245F-89EA-4F32-8429-7508B4D8CB33}.Release x64|x86.ActiveCfg = Release x64|x86
		{25B5245F-89EA-4F32-8429-7508B4D8CB33}.Release|Any CPU.ActiveCfg = Release|x86
		{25B5245F-89EA-4F32-8429-7508B4D8CB33}.Release|Any CPU.Build.0 = Release|x86
		{25B5245F-89EA-4F32-8429-7508B4D8CB33}.Release|Mixed Platforms.ActiveCfg = Release|x86
		{25B5245F-89EA-4F32-8429-7508B4D8CB33}.Release|Mixed Platforms.Build.0 = Release|x86
		{25B5245F-89EA-4F32-8429-7508B4D8CB33}.Release|Win32.ActiveCfg = Release|x86
		{25B5245F-89EA-4F32-8429-7508B4D8CB33}.Release|x64.ActiveCfg = Release|x86
		{25B5245F-89EA-4F32-8429-7508B4D8CB33}.Release|x86.ActiveCfg = Release|x86
		{25B5245F-89EA-4F32-8429-7508B4D8CB33}.Release|x86.Build.0 = Release|x86
		{6A405B58-DE5C-4BE4-B3D9-8A7D17A8DCB2}.Debug|Any CPU.ActiveCfg = Debug|x86
		{6A405B58-DE5C-4BE4-B3D9-8A7D17A8DCB2}.Debug|Any CPU.Build.0 = Debug|x86
		{6A405B58-DE5C-4BE4-B3D9-8A7D17A8DCB2}.Debug|Mixed Platforms.ActiveCfg = Debug|x86
		{6A405B58-DE5C-4BE4-B3D9-8A7D17A8DCB2}.Debug|Mixed Platforms.Build.0 = Debug|x86
		{6A405B58-DE5C-4BE4-B3D9-8A7D17A8DCB2}.Debug|Win32.ActiveCfg = Debug|x86
		{6A405B58-DE5C-4BE4-B3D9-8A7D17A8DCB2}.Debug|x64.ActiveCfg = Debug|x86
		{6A405B58-DE5C-4BE4-B3D9-8A7D17A8DCB2}.Debug|x86.ActiveCfg = Debug|x86
		{6A405B58-DE5C-4BE4-B3D9-8A7D17A8DCB2}.Debug|x86.Build.0 = Debug|x86
		{6A405B58-DE5C-4BE4-B3D9-8A7D17A8DCB2}.Release x64|Any CPU.ActiveCfg = Release|x86
		{6A405B58-DE5C-4BE4-B3D9-8A7D17A8DCB2}.Release x64|Mixed Platforms.ActiveCfg = Release|x86
		{6A405B58-DE5C-4BE4-B3D9-8A7D17A8DCB2}.Release x64|Mixed Platforms.Build.0 = Release|x86
		{6A405B58-DE5C-4BE4-B3D9-8A7D17A8DCB2}.Release x64|Win32.ActiveCfg = Release|x86
		{6A405B58-DE5C-4BE4-B3D9-8A7D17A8DCB2}.Release x64|x64.ActiveCfg = Release|x86
		{6A405B58-DE5C-4BE4-B3D9-8A7D17A8DCB2}.Release x64|x86.ActiveCfg = Release|x86
		{6A405B58-DE5C-4BE4-B3D9-8A7D17A8DCB2}.Release x64|x86.Build.0 = Release|x86
		{6A405B58-DE5C-4BE4-B3D9-8A7D17A8DCB2}.Release|Any CPU.ActiveCfg = Release|x86
		{6A405B58-DE5C-4BE4-B3D9-8A7D17A8DCB2}.Release|Mixed Platforms.ActiveCfg = Release|x86
		{6A405B58-DE5C-4BE4-B3D9-8A7D17A8DCB2}.Release|Mixed Platforms.Build.0 = Release|x86
		{6A405B58-DE5C-4BE4-B3D9-8A7D17A8DCB2}.Release|Win32.ActiveCfg = Release|x86
		{6A405B58-DE5C-4BE4-B3D9-8A7D17A8DCB2}.Release|x64.ActiveCfg = Release|x86
		{6A405B58-DE5C-4BE4-B3D9-8A7D17A8DCB2}.Release|x86.ActiveCfg = Release|x86
		{6A405B58-DE5C-4BE4-B3D9-8A7D17A8DCB2}.Release|x86.Build.0 = Release|x86
		{6F2ED72B-3380-40E2-952E-0D66F38D5B4E}.Debug|Any CPU.ActiveCfg = Debug|x86
		{6F2ED72B-3380-40E2-952E-0D66F38D5B4E}.Debug|Any CPU.Build.0 = Debug|x86
		{6F2ED72B-3380-40E2-952E-0D66F38D5B4E}.Debug|Mixed Platforms.ActiveCfg = Debug|x86
		{6F2ED72B-3380-40E2-952E-0D66F38D5B4E}.Debug|Mixed Platforms.Build.0 = Debug|x86
		{6F2ED72B-3380-40E2-952E-0D66F38D5B4E}.Debug|Win32.ActiveCfg = Debug|x86
		{6F2ED72B-3380-40E2-952E-0D66F38D5B4E}.Debug|x64.ActiveCfg = Debug|x86
		{6F2ED72B-3380-40E2-952E-0D66F38D5B4E}.Debug|x86.ActiveCfg = Debug|x86
		{6F2ED72B-3380-40E2-952E-0D66F38D5B4E}.Debug|x86.Build.0 = Debug|x86
		{6F2ED72B-3380-40E2-952E-0D66F38D5B4E}.Release x64|Any CPU.ActiveCfg = Release|x86
		{6F2ED72B-3380-40E2-952E-0D66F38D5B4E}.Release x64|Mixed Platforms.ActiveCfg = Release|x86
		{6F2ED72B-3380-40E2-952E-0D66F38D5B4E}.Release x64|Mixed Platforms.Build.0 = Release|x86
		{6F2ED72B-3380-40E2-952E-0D66F38D5B4E}.Release x64|Win32.ActiveCfg = Release|x86
		{6F2ED72B-3380-40E2-952E-0D66F38D5B4E}.Release x64|x64.ActiveCfg = Release|x86
		{6F2ED72B-3380-40E2-952E-0D66F38D5B4E}.Release x64|x86.ActiveCfg = Release|x86
		{6F2ED72B-3380-40E2-952E-0D66F38D5B4E}.Release x64|x86.Build.0 = Release|x86
		{6F2ED72B-3380-40E2-952E-0D66F38D5B4E}.Release|Any CPU.ActiveCfg = Release|x86
		{6F2ED72B-3380-40E2-952E-0D66F38D5B4E}.Release|Any CPU.Build.0 = Release|x86
		{6F2ED72B-3380-40E2-952E-0D66F38D5B4E}.Release|Mixed Platforms.ActiveCfg = Release|x86
		{6F2ED72B-3380-40E2-952E-0D66F38D5B4E}.Release|Mixed Platforms.Build.0 = Release|x86
		{6F2ED72B-3380-40E2-952E-0D66F38D5B4E}.Release|Win32.ActiveCfg = Release|x86
		{6F2ED72B-3380-40E2-952E-0D66F38D5B4E}.Release|x64.ActiveCfg = Release|x86
		{6F2ED72B-3380-40E2-952E-0D66F38D5B4E}.Release|x86.ActiveCfg = Release|x86
		{6F2ED72B-3380-40E2-952E-0D66F38D5B4E}.Release|x86.Build.0 = Release|x86
		{AF48B49E-90DD-44E9-850D-79D68141352F}.Debug|Any CPU.ActiveCfg = Debug|Any CPU
		{AF48B49E-90DD-44E9-850D-79D68141352F}.Debug|Any CPU.Build.0 = Debug|Any CPU
		{AF48B49E-90DD-44E9-850D-79D68141352F}.Debug|Mixed Platforms.ActiveCfg = Debug|Any CPU
		{AF48B49E-90DD-44E9-850D-79D68141352F}.Debug|Mixed Platforms.Build.0 = Debug|Any CPU
		{AF48B49E-90DD-44E9-850D-79D68141352F}.Debug|Win32.ActiveCfg = Debug|Any CPU
		{AF48B49E-90DD-44E9-850D-79D68141352F}.Debug|x64.ActiveCfg = Debug|Any CPU
		{AF48B49E-90DD-44E9-850D-79D68141352F}.Debug|x86.ActiveCfg = Debug|Any CPU
		{AF48B49E-90DD-44E9-850D-79D68141352F}.Release x64|Any CPU.ActiveCfg = Release|Any CPU
		{AF48B49E-90DD-44E9-850D-79D68141352F}.Release x64|Any CPU.Build.0 = Release|Any CPU
		{AF48B49E-90DD-44E9-850D-79D68141352F}.Release x64|Mixed Platforms.ActiveCfg = Release|Any CPU
		{AF48B49E-90DD-44E9-850D-79D68141352F}.Release x64|Mixed Platforms.Build.0 = Release|Any CPU
		{AF48B49E-90DD-44E9-850D-79D68141352F}.Release x64|Win32.ActiveCfg = Release|Any CPU
		{AF48B49E-90DD-44E9-850D-79D68141352F}.Release x64|x64.ActiveCfg = Release|Any CPU
		{AF48B49E-90DD-44E9-850D-79D68141352F}.Release x64|x86.ActiveCfg = Release|Any CPU
		{AF48B49E-90DD-44E9-850D-79D68141352F}.Release|Any CPU.ActiveCfg = Release|Any CPU
		{AF48B49E-90DD-44E9-850D-79D68141352F}.Release|Any CPU.Build.0 = Release|Any CPU
		{AF48B49E-90DD-44E9-850D-79D68141352F}.Release|Mixed Platforms.ActiveCfg = Release|Any CPU
		{AF48B49E-90DD-44E9-850D-79D68141352F}.Release|Mixed Platforms.Build.0 = Release|Any CPU
		{AF48B49E-90DD-44E9-850D-79D68141352F}.Release|Win32.ActiveCfg = Release|Any CPU
		{AF48B49E-90DD-44E9-850D-79D68141352F}.Release|x64.ActiveCfg = Release|Any CPU
		{AF48B49E-90DD-44E9-850D-79D68141352F}.Release|x86.ActiveCfg = Release|Any CPU
	EndGlobalSection
	GlobalSection(SolutionProperties) = preSolution
		HideSolutionNode = FALSE
	EndGlobalSection
EndGlobal
